
Microsoft Visual Studio Solution File, Format Version 12.00
# Visual Studio Version 17
VisualStudioVersion = 17.6.33815.320
MinimumVisualStudioVersion = 10.0.40219.1
Project("{FAE04EC0-301F-11D3-BF4B-00C04F79EFBC}") = "WpfApp1", "WpfApp1\WpfApp1.csproj", "{4A1EE057-7819-486D-B1DA-E9B36E7D1205}"
EndProject
Global
	GlobalSection(SolutionConfigurationPlatforms) = preSolution
		Debug|Any CPU = Debug|Any CPU
		Release|Any CPU = Release|Any CPU
	EndGlobalSection
	GlobalSection(ProjectConfigurationPlatforms) = postSolution
		{4A1EE057-7819-486D-B1DA-E9B36E7D1205}.Debug|Any CPU.ActiveCfg = Debug|Any CPU
		{4A1EE057-7819-486D-B1DA-E9B36E7D1205}.Debug|Any CPU.Build.0 = Debug|Any CPU
		{4A1EE057-7819-486D-B1DA-E9B36E7D1205}.Release|Any CPU.ActiveCfg = Release|Any CPU
		{4A1EE057-7819-486D-B1DA-E9B36E7D1205}.Release|Any CPU.Build.0 = Release|Any CPU
	EndGlobalSection
	GlobalSection(SolutionProperties) = preSolution
		HideSolutionNode = FALSE
	EndGlobalSection
	GlobalSection(ExtensibilityGlobals) = postSolution
		SolutionGuid = {BBE76927-B568-4474-B6B9-B348B5B68E10}
	EndGlobalSection
EndGlobal
